
Microsoft Visual Studio Solution File, Format Version 12.00
# Visual Studio Version 16
VisualStudioVersion = 16.0.32228.343
MinimumVisualStudioVersion = 10.0.40219.1
Project("{FAE04EC0-301F-11D3-BF4B-00C04F79EFBC}") = "CodeScanTest", "CodeScanTest.csproj", "{A11034BA-B018-4FF9-9379-4746D7F91A78}"
EndProject
Global
	GlobalSection(SolutionConfigurationPlatforms) = preSolution
		Debug|Any CPU = Debug|Any CPU
		Release|Any CPU = Release|Any CPU
	EndGlobalSection
	GlobalSection(ProjectConfigurationPlatforms) = postSolution
		{A11034BA-B018-4FF9-9379-4746D7F91A78}.Debug|Any CPU.ActiveCfg = Debug|Any CPU
		{A11034BA-B018-4FF9-9379-4746D7F91A78}.Debug|Any CPU.Build.0 = Debug|Any CPU
		{A11034BA-B018-4FF9-9379-4746D7F91A78}.Release|Any CPU.ActiveCfg = Release|Any CPU
		{A11034BA-B018-4FF9-9379-4746D7F91A78}.Release|Any CPU.Build.0 = Release|Any CPU
	EndGlobalSection
	GlobalSection(SolutionProperties) = preSolution
		HideSolutionNode = FALSE
	EndGlobalSection
	GlobalSection(ExtensibilityGlobals) = postSolution
		SolutionGuid = {E2FC4993-2BC3-4F60-B1B1-C6863966948D}
	EndGlobalSection
EndGlobal
